
Microsoft Visual Studio Solution File, Format Version 12.00
# Visual Studio Version 16
VisualStudioVersion = 16.0.28803.156
MinimumVisualStudioVersion = 10.0.40219.1
Project("{9A19103F-16F7-4668-BE54-9A1E7A4F7556}") = "PokemonBot", "PokemonBot.csproj", "{A74ED8E9-5913-44B5-892D-196B439C551E}"
EndProject
Global
	GlobalSection(SolutionConfigurationPlatforms) = preSolution
		Debug|Any CPU = Debug|Any CPU
		Release|Any CPU = Release|Any CPU
	EndGlobalSection
	GlobalSection(ProjectConfigurationPlatforms) = postSolution
		{A74ED8E9-5913-44B5-892D-196B439C551E}.Debug|Any CPU.ActiveCfg = Debug|Any CPU
		{A74ED8E9-5913-44B5-892D-196B439C551E}.Debug|Any CPU.Build.0 = Debug|Any CPU
		{A74ED8E9-5913-44B5-892D-196B439C551E}.Release|Any CPU.ActiveCfg = Release|Any CPU
		{A74ED8E9-5913-44B5-892D-196B439C551E}.Release|Any CPU.Build.0 = Release|Any CPU
	EndGlobalSection
	GlobalSection(SolutionProperties) = preSolution
		HideSolutionNode = FALSE
	EndGlobalSection
	GlobalSection(ExtensibilityGlobals) = postSolution
		SolutionGuid = {96F387C3-34BC-4E68-8F34-B00B608EA441}
	EndGlobalSection
EndGlobal
